{
  "pins" : [
    {
      "identity" : "icu4c-swift",
      "kind" : "remoteSourceControl",
      "location" : "https://github.com/izackp/icu4c-swift",
      "state" : {
        "branch" : "master",
        "revision" : "243246c0eddcbde61f4b55e53ce28fe4c4b8adc0"
      }
    }
  ],
  "version" : 2
}
