{
  "object": {
    "pins": [
      {
        "package": "icu4c-swift",
        "repositoryURL": "https://github.com/kPherox/icu4c-swift",
        "state": {
          "branch": "master",
          "revision": "48549b4281ff5f30d2602f39d82f530c31bcadb9",
          "version": null
        }
      }
    ]
  },
  "version": 1
}
