{
  "pins" : [
    {
      "identity" : "icu4c-swift",
      "kind" : "remoteSourceControl",
      "location" : "https://github.com/izackp/icu4c-swift",
      "state" : {
        "branch" : "master",
        "revision" : "f9715de593309f1e55a5cb993b7ae9403b11467b"
      }
    }
  ],
  "version" : 2
}